// !$*UTF8*$!
{
	archiveVersion = 1;
	classes = {
	};
	objectVersion = 50;
	objects = {

/* Begin PBXBuildFile section */
		18D8BACC24C564BF005185B9 /* AppDelegate.swift in Sources */ = {isa = PBXBuildFile; fileRef = 18D8BACB24C564BF005185B9 /* AppDelegate.swift */; };
		18D8BACE24C564BF005185B9 /* SceneDelegate.swift in Sources */ = {isa = PBXBuildFile; fileRef = 18D8BACD24C564BF005185B9 /* SceneDelegate.swift */; };
		18D8BAD024C564BF005185B9 /* ViewController.swift in Sources */ = {isa = PBXBuildFile; fileRef = 18D8BACF24C564BF005185B9 /* ViewController.swift */; };
		18D8BAD324C564BF005185B9 /* Main.storyboard in Resources */ = {isa = PBXBuildFile; fileRef = 18D8BAD124C564BF005185B9 /* Main.storyboard */; };
		18D8BAD524C564C2005185B9 /* Assets.xcassets in Resources */ = {isa = PBXBuildFile; fileRef = 18D8BAD424C564C2005185B9 /* Assets.xcassets */; };
		18D8BAD824C564C3005185B9 /* LaunchScreen.storyboard in Resources */ = {isa = PBXBuildFile; fileRef = 18D8BAD624C564C3005185B9 /* LaunchScreen.storyboard */; };
		18D8BAE324C564C3005185B9 /* WordScramble5Tests.swift in Sources */ = {isa = PBXBuildFile; fileRef = 18D8BAE224C564C3005185B9 /* WordScramble5Tests.swift */; };
		18D8BAEE24C564C3005185B9 /* WordScramble5UITests.swift in Sources */ = {isa = PBXBuildFile; fileRef = 18D8BAED24C564C3005185B9 /* WordScramble5UITests.swift */; };
/* End PBXBuildFile section */

/* Begin PBXContainerItemProxy section */
		18D8BADF24C564C3005185B9 /* PBXContainerItemProxy */ = {
			isa = PBXContainerItemProxy;
			containerPortal = 18D8BAC024C564BE005185B9 /* Project object */;
			proxyType = 1;
			remoteGlobalIDString = 18D8BAC724C564BF005185B9;
			remoteInfo = WordScramble5;
		};
		18D8BAEA24C564C3005185B9 /* PBXContainerItemProxy */ = {
			isa = PBXContainerItemProxy;
			containerPortal = 18D8BAC024C564BE005185B9 /* Project object */;
			proxyType = 1;
			remoteGlobalIDString = 18D8BAC724C564BF005185B9;
			remoteInfo = WordScramble5;
		};
/* End PBXContainerItemProxy section */

/* Begin PBXFileReference section */
		18D8BAC824C564BF005185B9 /* WordScramble5.app */ = {isa = PBXFileReference; explicitFileType = wrapper.application; includeInIndex = 0; path = WordScramble5.app; sourceTree = BUILT_PRODUCTS_DIR; };
		18D8BACB24C564BF005185B9 /* AppDelegate.swift */ = {isa = PBXFileReference; lastKnownFileType = sourcecode.swift; path = AppDelegate.swift; sourceTree = "<group>"; };
		18D8BACD24C564BF005185B9 /* SceneDelegate.swift */ = {isa = PBXFileReference; lastKnownFileType = sourcecode.swift; path = SceneDelegate.swift; sourceTree = "<group>"; };
		18D8BACF24C564BF005185B9 /* ViewController.swift */ = {isa = PBXFileReference; lastKnownFileType = sourcecode.swift; path = ViewController.swift; sourceTree = "<group>"; };
		18D8BAD224C564BF005185B9 /* Base */ = {isa = PBXFileReference; lastKnownFileType = file.storyboard; name = Base; path = Base.lproj/Main.storyboard; sourceTree = "<group>"; };
		18D8BAD424C564C2005185B9 /* Assets.xcassets */ = {isa = PBXFileReference; lastKnownFileType = folder.assetcatalog; path = Assets.xcassets; sourceTree = "<group>"; };
		18D8BAD724C564C3005185B9 /* Base */ = {isa = PBXFileReference; lastKnownFileType = file.storyboard; name = Base; path = Base.lproj/LaunchScreen.storyboard; sourceTree = "<group>"; };
		18D8BAD924C564C3005185B9 /* Info.plist */ = {isa = PBXFileReference; lastKnownFileType = text.plist.xml; path = Info.plist; sourceTree = "<group>"; };
		18D8BADE24C564C3005185B9 /* WordScramble5Tests.xctest */ = {isa = PBXFileReference; explicitFileType = wrapper.cfbundle; includeInIndex = 0; path = WordScramble5Tests.xctest; sourceTree = BUILT_PRODUCTS_DIR; };
		18D8BAE224C564C3005185B9 /* WordScramble5Tests.swift */ = {isa = PBXFileReference; lastKnownFileType = sourcecode.swift; path = WordScramble5Tests.swift; sourceTree = "<group>"; };
		18D8BAE424C564C3005185B9 /* Info.plist */ = {isa = PBXFileReference; lastKnownFileType = text.plist.xml; path = Info.plist; sourceTree = "<group>"; };
		18D8BAE924C564C3005185B9 /* WordScramble5UITests.xctest */ = {isa = PBXFileReference; explicitFileType = wrapper.cfbundle; includeInIndex = 0; path = WordScramble5UITests.xctest; sourceTree = BUILT_PRODUCTS_DIR; };
		18D8BAED24C564C3005185B9 /* WordScramble5UITests.swift */ = {isa = PBXFileReference; lastKnownFileType = sourcecode.swift; path = WordScramble5UITests.swift; sourceTree = "<group>"; };
		18D8BAEF24C564C3005185B9 /* Info.plist */ = {isa = PBXFileReference; lastKnownFileType = text.plist.xml; path = Info.plist; sourceTree = "<group>"; };
/* End PBXFileReference section */

/* Begin PBXFrameworksBuildPhase section */
		18D8BAC524C564BF005185B9 /* Frameworks */ = {
			isa = PBXFrameworksBuildPhase;
			buildActionMask = 2147483647;
			files = (
			);
			runOnlyForDeploymentPostprocessing = 0;
		};
		18D8BADB24C564C3005185B9 /* Frameworks */ = {
			isa = PBXFrameworksBuildPhase;
			buildActionMask = 2147483647;
			files = (
			);
			runOnlyForDeploymentPostprocessing = 0;
		};
		18D8BAE624C564C3005185B9 /* Frameworks */ = {
			isa = PBXFrameworksBuildPhase;
			buildActionMask = 2147483647;
			files = (
			);
			runOnlyForDeploymentPostprocessing = 0;
		};
/* End PBXFrameworksBuildPhase section */

/* Begin PBXGroup section */
		18D8BABF24C564BE005185B9 = {
			isa = PBXGroup;
			children = (
				18D8BACA24C564BF005185B9 /* WordScramble5 */,
				18D8BAE124C564C3005185B9 /* WordScramble5Tests */,
				18D8BAEC24C564C3005185B9 /* WordScramble5UITests */,
				18D8BAC924C564BF005185B9 /* Products */,
			);
			sourceTree = "<group>";
		};
		18D8BAC924C564BF005185B9 /* Products */ = {
			isa = PBXGroup;
			children = (
				18D8BAC824C564BF005185B9 /* WordScramble5.app */,
				18D8BADE24C564C3005185B9 /* WordScramble5Tests.xctest */,
				18D8BAE924C564C3005185B9 /* WordScramble5UITests.xctest */,
			);
			name = Products;
			sourceTree = "<group>";
		};
		18D8BACA24C564BF005185B9 /* WordScramble5 */ = {
			isa = PBXGroup;
			children = (
				18D8BACB24C564BF005185B9 /* AppDelegate.swift */,
				18D8BACD24C564BF005185B9 /* SceneDelegate.swift */,
				18D8BACF24C564BF005185B9 /* ViewController.swift */,
				18D8BAD124C564BF005185B9 /* Main.storyboard */,
				18D8BAD424C564C2005185B9 /* Assets.xcassets */,
				18D8BAD624C564C3005185B9 /* LaunchScreen.storyboard */,
				18D8BAD924C564C3005185B9 /* Info.plist */,
			);
			path = WordScramble5;
			sourceTree = "<group>";
		};
		18D8BAE124C564C3005185B9 /* WordScramble5Tests */ = {
			isa = PBXGroup;
			children = (
				18D8BAE224C564C3005185B9 /* WordScramble5Tests.swift */,
				18D8BAE424C564C3005185B9 /* Info.plist */,
			);
			path = WordScramble5Tests;
			sourceTree = "<group>";
		};
		18D8BAEC24C564C3005185B9 /* WordScramble5UITests */ = {
			isa = PBXGroup;
			children = (
				18D8BAED24C564C3005185B9 /* WordScramble5UITests.swift */,
				18D8BAEF24C564C3005185B9 /* Info.plist */,
			);
			path = WordScramble5UITests;
			sourceTree = "<group>";
		};
/* End PBXGroup section */

/* Begin PBXNativeTarget section */
		18D8BAC724C564BF005185B9 /* WordScramble5 */ = {
			isa = PBXNativeTarget;
			buildConfigurationList = 18D8BAF224C564C3005185B9 /* Build configuration list for PBXNativeTarget "WordScramble5" */;
			buildPhases = (
				18D8BAC424C564BF005185B9 /* Sources */,
				18D8BAC524C564BF005185B9 /* Frameworks */,
				18D8BAC624C564BF005185B9 /* Resources */,
			);
			buildRules = (
			);
			dependencies = (
			);
			name = WordScramble5;
			productName = WordScramble5;
			productReference = 18D8BAC824C564BF005185B9 /* WordScramble5.app */;
			productType = "com.apple.product-type.application";
		};
		18D8BADD24C564C3005185B9 /* WordScramble5Tests */ = {
			isa = PBXNativeTarget;
			buildConfigurationList = 18D8BAF524C564C3005185B9 /* Build configuration list for PBXNativeTarget "WordScramble5Tests" */;
			buildPhases = (
				18D8BADA24C564C3005185B9 /* Sources */,
				18D8BADB24C564C3005185B9 /* Frameworks */,
				18D8BADC24C564C3005185B9 /* Resources */,
			);
			buildRules = (
			);
			dependencies = (
				18D8BAE024C564C3005185B9 /* PBXTargetDependency */,
			);
			name = WordScramble5Tests;
			productName = WordScramble5Tests;
			productReference = 18D8BADE24C564C3005185B9 /* WordScramble5Tests.xctest */;
			productType = "com.apple.product-type.bundle.unit-test";
		};
		18D8BAE824C564C3005185B9 /* WordScramble5UITests */ = {
			isa = PBXNativeTarget;
			buildConfigurationList = 18D8BAF824C564C3005185B9 /* Build configuration list for PBXNativeTarget "WordScramble5UITests" */;
			buildPhases = (
				18D8BAE524C564C3005185B9 /* Sources */,
				18D8BAE624C564C3005185B9 /* Frameworks */,
				18D8BAE724C564C3005185B9 /* Resources */,
			);
			buildRules = (
			);
			dependencies = (
				18D8BAEB24C564C3005185B9 /* PBXTargetDependency */,
			);
			name = WordScramble5UITests;
			productName = WordScramble5UITests;
			productReference = 18D8BAE924C564C3005185B9 /* WordScramble5UITests.xctest */;
			productType = "com.apple.product-type.bundle.ui-testing";
		};
/* End PBXNativeTarget section */

/* Begin PBXProject section */
		18D8BAC024C564BE005185B9 /* Project object */ = {
			isa = PBXProject;
			attributes = {
				LastSwiftUpdateCheck = 1160;
				LastUpgradeCheck = 1160;
				ORGANIZATIONNAME = "eyal avisar";
				TargetAttributes = {
					18D8BAC724C564BF005185B9 = {
						CreatedOnToolsVersion = 11.6;
					};
					18D8BADD24C564C3005185B9 = {
						CreatedOnToolsVersion = 11.6;
						TestTargetID = 18D8BAC724C564BF005185B9;
					};
					18D8BAE824C564C3005185B9 = {
						CreatedOnToolsVersion = 11.6;
						TestTargetID = 18D8BAC724C564BF005185B9;
					};
				};
			};
			buildConfigurationList = 18D8BAC324C564BE005185B9 /* Build configuration list for PBXProject "WordScramble5" */;
			compatibilityVersion = "Xcode 9.3";
			developmentRegion = en;
			hasScannedForEncodings = 0;
			knownRegions = (
				en,
				Base,
			);
			mainGroup = 18D8BABF24C564BE005185B9;
			productRefGroup = 18D8BAC924C564BF005185B9 /* Products */;
			projectDirPath = "";
			projectRoot = "";
			targets = (
				18D8BAC724C564BF005185B9 /* WordScramble5 */,
				18D8BADD24C564C3005185B9 /* WordScramble5Tests */,
				18D8BAE824C564C3005185B9 /* WordScramble5UITests */,
			);
		};
/* End PBXProject section */

/* Begin PBXResourcesBuildPhase section */
		18D8BAC624C564BF005185B9 /* Resources */ = {
			isa = PBXResourcesBuildPhase;
			buildActionMask = 2147483647;
			files = (
				18D8BAD824C564C3005185B9 /* LaunchScreen.storyboard in Resources */,
				18D8BAD524C564C2005185B9 /* Assets.xcassets in Resources */,
				18D8BAD324C564BF005185B9 /* Main.storyboard in Resources */,
			);
			runOnlyForDeploymentPostprocessing = 0;
		};
		18D8BADC24C564C3005185B9 /* Resources */ = {
			isa = PBXResourcesBuildPhase;
			buildActionMask = 2147483647;
			files = (
			);
			runOnlyForDeploymentPostprocessing = 0;
		};
		18D8BAE724C564C3005185B9 /* Resources */ = {
			isa = PBXResourcesBuildPhase;
			buildActionMask = 2147483647;
			files = (
			);
			runOnlyForDeploymentPostprocessing = 0;
		};
/* End PBXResourcesBuildPhase section */

/* Begin PBXSourcesBuildPhase section */
		18D8BAC424C564BF005185B9 /* Sources */ = {
			isa = PBXSourcesBuildPhase;
			buildActionMask = 2147483647;
			files = (
				18D8BAD024C564BF005185B9 /* ViewController.swift in Sources */,
				18D8BACC24C564BF005185B9 /* AppDelegate.swift in Sources */,
				18D8BACE24C564BF005185B9 /* SceneDelegate.swift in Sources */,
			);
			runOnlyForDeploymentPostprocessing = 0;
		};
		18D8BADA24C564C3005185B9 /* Sources */ = {
			isa = PBXSourcesBuildPhase;
			buildActionMask = 2147483647;
			files = (
				18D8BAE324C564C3005185B9 /* WordScramble5Tests.swift in Sources */,
			);
			runOnlyForDeploymentPostprocessing = 0;
		};
		18D8BAE524C564C3005185B9 /* Sources */ = {
			isa = PBXSourcesBuildPhase;
			buildActionMask = 2147483647;
			files = (
				18D8BAEE24C564C3005185B9 /* WordScramble5UITests.swift in Sources */,
			);
			runOnlyForDeploymentPostprocessing = 0;
		};
/* End PBXSourcesBuildPhase section */

/* Begin PBXTargetDependency section */
		18D8BAE024C564C3005185B9 /* PBXTargetDependency */ = {
			isa = PBXTargetDependency;
			target = 18D8BAC724C564BF005185B9 /* WordScramble5 */;
			targetProxy = 18D8BADF24C564C3005185B9 /* PBXContainerItemProxy */;
		};
		18D8BAEB24C564C3005185B9 /* PBXTargetDependency */ = {
			isa = PBXTargetDependency;
			target = 18D8BAC724C564BF005185B9 /* WordScramble5 */;
			targetProxy = 18D8BAEA24C564C3005185B9 /* PBXContainerItemProxy */;
		};
/* End PBXTargetDependency section */

/* Begin PBXVariantGroup section */
		18D8BAD124C564BF005185B9 /* Main.storyboard */ = {
			isa = PBXVariantGroup;
			children = (
				18D8BAD224C564BF005185B9 /* Base */,
			);
			name = Main.storyboard;
			sourceTree = "<group>";
		};
		18D8BAD624C564C3005185B9 /* LaunchScreen.storyboard */ = {
			isa = PBXVariantGroup;
			children = (
				18D8BAD724C564C3005185B9 /* Base */,
			);
			name = LaunchScreen.storyboard;
			sourceTree = "<group>";
		};
/* End PBXVariantGroup section */

/* Begin XCBuildConfiguration section */
		18D8BAF024C564C3005185B9 /* Debug */ = {
			isa = XCBuildConfiguration;
			buildSettings = {
				ALWAYS_SEARCH_USER_PATHS = NO;
				CLANG_ANALYZER_NONNULL = YES;
				CLANG_ANALYZER_NUMBER_OBJECT_CONVERSION = YES_AGGRESSIVE;
				CLANG_CXX_LANGUAGE_STANDARD = "gnu++14";
				CLANG_CXX_LIBRARY = "libc++";
				CLANG_ENABLE_MODULES = YES;
				CLANG_ENABLE_OBJC_ARC = YES;
				CLANG_ENABLE_OBJC_WEAK = YES;
				CLANG_WARN_BLOCK_CAPTURE_AUTORELEASING = YES;
				CLANG_WARN_BOOL_CONVERSION = YES;
				CLANG_WARN_COMMA = YES;
				CLANG_WARN_CONSTANT_CONVERSION = YES;
				CLANG_WARN_DEPRECATED_OBJC_IMPLEMENTATIONS = YES;
				CLANG_WARN_DIRECT_OBJC_ISA_USAGE = YES_ERROR;
				CLANG_WARN_DOCUMENTATION_COMMENTS = YES;
				CLANG_WARN_EMPTY_BODY = YES;
				CLANG_WARN_ENUM_CONVERSION = YES;
				CLANG_WARN_INFINITE_RECURSION = YES;
				CLANG_WARN_INT_CONVERSION = YES;
				CLANG_WARN_NON_LITERAL_NULL_CONVERSION = YES;
				CLANG_WARN_OBJC_IMPLICIT_RETAIN_SELF = YES;
				CLANG_WARN_OBJC_LITERAL_CONVERSION = YES;
				CLANG_WARN_OBJC_ROOT_CLASS = YES_ERROR;
				CLANG_WARN_RANGE_LOOP_ANALYSIS = YES;
				CLANG_WARN_STRICT_PROTOTYPES = YES;
				CLANG_WARN_SUSPICIOUS_MOVE = YES;
				CLANG_WARN_UNGUARDED_AVAILABILITY = YES_AGGRESSIVE;
				CLANG_WARN_UNREACHABLE_CODE = YES;
				CLANG_WARN__DUPLICATE_METHOD_MATCH = YES;
				COPY_PHASE_STRIP = NO;
				DEBUG_INFORMATION_FORMAT = dwarf;
				ENABLE_STRICT_OBJC_MSGSEND = YES;
				ENABLE_TESTABILITY = YES;
				GCC_C_LANGUAGE_STANDARD = gnu11;
				GCC_DYNAMIC_NO_PIC = NO;
				GCC_NO_COMMON_BLOCKS = YES;
				GCC_OPTIMIZATION_LEVEL = 0;
				GCC_PREPROCESSOR_DEFINITIONS = (
					"DEBUG=1",
					"$(inherited)",
				);
				GCC_WARN_64_TO_32_BIT_CONVERSION = YES;
				GCC_WARN_ABOUT_RETURN_TYPE = YES_ERROR;
				GCC_WARN_UNDECLARED_SELECTOR = YES;
				GCC_WARN_UNINITIALIZED_AUTOS = YES_AGGRESSIVE;
				GCC_WARN_UNUSED_FUNCTION = YES;
				GCC_WARN_UNUSED_VARIABLE = YES;
				IPHONEOS_DEPLOYMENT_TARGET = 13.6;
				MTL_ENABLE_DEBUG_INFO = INCLUDE_SOURCE;
				MTL_FAST_MATH = YES;
				ONLY_ACTIVE_ARCH = YES;
				SDKROOT = iphoneos;
				SWIFT_ACTIVE_COMPILATION_CONDITIONS = DEBUG;
				SWIFT_OPTIMIZATION_LEVEL = "-Onone";
			};
			name = Debug;
		};
		18D8BAF124C564C3005185B9 /* Release */ = {
			isa = XCBuildConfiguration;
			buildSettings = {
				ALWAYS_SEARCH_USER_PATHS = NO;
				CLANG_ANALYZER_NONNULL = YES;
				CLANG_ANALYZER_NUMBER_OBJECT_CONVERSION = YES_AGGRESSIVE;
				CLANG_CXX_LANGUAGE_STANDARD = "gnu++14";
				CLANG_CXX_LIBRARY = "libc++";
				CLANG_ENABLE_MODULES = YES;
				CLANG_ENABLE_OBJC_ARC = YES;
				CLANG_ENABLE_OBJC_WEAK = YES;
				CLANG_WARN_BLOCK_CAPTURE_AUTORELEASING = YES;
				CLANG_WARN_BOOL_CONVERSION = YES;
				CLANG_WARN_COMMA = YES;
				CLANG_WARN_CONSTANT_CONVERSION = YES;
				CLANG_WARN_DEPRECATED_OBJC_IMPLEMENTATIONS = YES;
				CLANG_WARN_DIRECT_OBJC_ISA_USAGE = YES_ERROR;
				CLANG_WARN_DOCUMENTATION_COMMENTS = YES;
				CLANG_WARN_EMPTY_BODY = YES;
				CLANG_WARN_ENUM_CONVERSION = YES;
				CLANG_WARN_INFINITE_RECURSION = YES;
				CLANG_WARN_INT_CONVERSION = YES;
				CLANG_WARN_NON_LITERAL_NULL_CONVERSION = YES;
				CLANG_WARN_OBJC_IMPLICIT_RETAIN_SELF = YES;
				CLANG_WARN_OBJC_LITERAL_CONVERSION = YES;
				CLANG_WARN_OBJC_ROOT_CLASS = YES_ERROR;
				CLANG_WARN_RANGE_LOOP_ANALYSIS = YES;
				CLANG_WARN_STRICT_PROTOTYPES = YES;
				CLANG_WARN_SUSPICIOUS_MOVE = YES;
				CLANG_WARN_UNGUARDED_AVAILABILITY = YES_AGGRESSIVE;
				CLANG_WARN_UNREACHABLE_CODE = YES;
				CLANG_WARN__DUPLICATE_METHOD_MATCH = YES;
				COPY_PHASE_STRIP = NO;
				DEBUG_INFORMATION_FORMAT = "dwarf-with-dsym";
				ENABLE_NS_ASSERTIONS = NO;
				ENABLE_STRICT_OBJC_MSGSEND = YES;
				GCC_C_LANGUAGE_STANDARD = gnu11;
				GCC_NO_COMMON_BLOCKS = YES;
				GCC_WARN_64_TO_32_BIT_CONVERSION = YES;
				GCC_WARN_ABOUT_RETURN_TYPE = YES_ERROR;
				GCC_WARN_UNDECLARED_SELECTOR = YES;
				GCC_WARN_UNINITIALIZED_AUTOS = YES_AGGRESSIVE;
				GCC_WARN_UNUSED_FUNCTION = YES;
				GCC_WARN_UNUSED_VARIABLE = YES;
				IPHONEOS_DEPLOYMENT_TARGET = 13.6;
				MTL_ENABLE_DEBUG_INFO = NO;
				MTL_FAST_MATH = YES;
				SDKROOT = iphoneos;
				SWIFT_COMPILATION_MODE = wholemodule;
				SWIFT_OPTIMIZATION_LEVEL = "-O";
				VALIDATE_PRODUCT = YES;
			};
			name = Release;
		};
		18D8BAF324C564C3005185B9 /* Debug */ = {
			isa = XCBuildConfiguration;
			buildSettings = {
				ASSETCATALOG_COMPILER_APPICON_NAME = AppIcon;
				CODE_SIGN_STYLE = Automatic;
				INFOPLIST_FILE = WordScramble5/Info.plist;
				LD_RUNPATH_SEARCH_PATHS = (
					"$(inherited)",
					"@executable_path/Frameworks",
				);
				PRODUCT_BUNDLE_IDENTIFIER = il.co.hyperactive.WordScramble5;
				PRODUCT_NAME = "$(TARGET_NAME)";
				SWIFT_VERSION = 5.0;
				TARGETED_DEVICE_FAMILY = "1,2";
			};
			name = Debug;
		};
		18D8BAF424C564C3005185B9 /* Release */ = {
			isa = XCBuildConfiguration;
			buildSettings = {
				ASSETCATALOG_COMPILER_APPICON_NAME = AppIcon;
				CODE_SIGN_STYLE = Automatic;
				INFOPLIST_FILE = WordScramble5/Info.plist;
				LD_RUNPATH_SEARCH_PATHS = (
					"$(inherited)",
					"@executable_path/Frameworks",
				);
				PRODUCT_BUNDLE_IDENTIFIER = il.co.hyperactive.WordScramble5;
				PRODUCT_NAME = "$(TARGET_NAME)";
				SWIFT_VERSION = 5.0;
				TARGETED_DEVICE_FAMILY = "1,2";
			};
			name = Release;
		};
		18D8BAF624C564C3005185B9 /* Debug */ = {
			isa = XCBuildConfiguration;
			buildSettings = {
				ALWAYS_EMBED_SWIFT_STANDARD_LIBRARIES = YES;
				BUNDLE_LOADER = "$(TEST_HOST)";
				CODE_SIGN_STYLE = Automatic;
				INFOPLIST_FILE = WordScramble5Tests/Info.plist;
				IPHONEOS_DEPLOYMENT_TARGET = 13.6;
				LD_RUNPATH_SEARCH_PATHS = (
					"$(inherited)",
					"@executable_path/Frameworks",
					"@loader_path/Frameworks",
				);
				PRODUCT_BUNDLE_IDENTIFIER = il.co.hyperactive.WordScramble5Tests;
				PRODUCT_NAME = "$(TARGET_NAME)";
				SWIFT_VERSION = 5.0;
				TARGETED_DEVICE_FAMILY = "1,2";
				TEST_HOST = "$(BUILT_PRODUCTS_DIR)/WordScramble5.app/WordScramble5";
			};
			name = Debug;
		};
		18D8BAF724C564C3005185B9 /* Release */ = {
			isa = XCBuildConfiguration;
			buildSettings = {
				ALWAYS_EMBED_SWIFT_STANDARD_LIBRARIES = YES;
				BUNDLE_LOADER = "$(TEST_HOST)";
				CODE_SIGN_STYLE = Automatic;
				INFOPLIST_FILE = WordScramble5Tests/Info.plist;
				IPHONEOS_DEPLOYMENT_TARGET = 13.6;
				LD_RUNPATH_SEARCH_PATHS = (
					"$(inherited)",
					"@executable_path/Frameworks",
					"@loader_path/Frameworks",
				);
				PRODUCT_BUNDLE_IDENTIFIER = il.co.hyperactive.WordScramble5Tests;
				PRODUCT_NAME = "$(TARGET_NAME)";
				SWIFT_VERSION = 5.0;
				TARGETED_DEVICE_FAMILY = "1,2";
				TEST_HOST = "$(BUILT_PRODUCTS_DIR)/WordScramble5.app/WordScramble5";
			};
			name = Release;
		};
		18D8BAF924C564C3005185B9 /* Debug */ = {
			isa = XCBuildConfiguration;
			buildSettings = {
				ALWAYS_EMBED_SWIFT_STANDARD_LIBRARIES = YES;
				CODE_SIGN_STYLE = Automatic;
				INFOPLIST_FILE = WordScramble5UITests/Info.plist;
				LD_RUNPATH_SEARCH_PATHS = (
					"$(inherited)",
					"@executable_path/Frameworks",
					"@loader_path/Frameworks",
				);
				PRODUCT_BUNDLE_IDENTIFIER = il.co.hyperactive.WordScramble5UITests;
				PRODUCT_NAME = "$(TARGET_NAME)";
				SWIFT_VERSION = 5.0;
				TARGETED_DEVICE_FAMILY = "1,2";
				TEST_TARGET_NAME = WordScramble5;
			};
			name = Debug;
		};
		18D8BAFA24C564C3005185B9 /* Release */ = {
			isa = XCBuildConfiguration;
			buildSettings = {
				ALWAYS_EMBED_SWIFT_STANDARD_LIBRARIES = YES;
				CODE_SIGN_STYLE = Automatic;
				INFOPLIST_FILE = WordScramble5UITests/Info.plist;
				LD_RUNPATH_SEARCH_PATHS = (
					"$(inherited)",
					"@executable_path/Frameworks",
					"@loader_path/Frameworks",
				);
				PRODUCT_BUNDLE_IDENTIFIER = il.co.hyperactive.WordScramble5UITests;
				PRODUCT_NAME = "$(TARGET_NAME)";
				SWIFT_VERSION = 5.0;
				TARGETED_DEVICE_FAMILY = "1,2";
				TEST_TARGET_NAME = WordScramble5;
			};
			name = Release;
		};
/* End XCBuildConfiguration section */

/* Begin XCConfigurationList section */
		18D8BAC324C564BE005185B9 /* Build configuration list for PBXProject "WordScramble5" */ = {
			isa = XCConfigurationList;
			buildConfigurations = (
				18D8BAF024C564C3005185B9 /* Debug */,
				18D8BAF124C564C3005185B9 /* Release */,
			);
			defaultConfigurationIsVisible = 0;
			defaultConfigurationName = Release;
		};
		18D8BAF224C564C3005185B9 /* Build configuration list for PBXNativeTarget "WordScramble5" */ = {
			isa = XCConfigurationList;
			buildConfigurations = (
				18D8BAF324C564C3005185B9 /* Debug */,
				18D8BAF424C564C3005185B9 /* Release */,
			);
			defaultConfigurationIsVisible = 0;
			defaultConfigurationName = Release;
		};
		18D8BAF524C564C3005185B9 /* Build configuration list for PBXNativeTarget "WordScramble5Tests" */ = {
			isa = XCConfigurationList;
			buildConfigurations = (
				18D8BAF624C564C3005185B9 /* Debug */,
				18D8BAF724C564C3005185B9 /* Release */,
			);
			defaultConfigurationIsVisible = 0;
			defaultConfigurationName = Release;
		};
		18D8BAF824C564C3005185B9 /* Build configuration list for PBXNativeTarget "WordScramble5UITests" */ = {
			isa = XCConfigurationList;
			buildConfigurations = (
				18D8BAF924C564C3005185B9 /* Debug */,
				18D8BAFA24C564C3005185B9 /* Release */,
			);
			defaultConfigurationIsVisible = 0;
			defaultConfigurationName = Release;
		};
/* End XCConfigurationList section */
	};
	rootObject = 18D8BAC024C564BE005185B9 /* Project object */;
}
